
Microsoft Visual Studio Solution File, Format Version 12.00
# Visual Studio 14
VisualStudioVersion = 14.0.23107.0
MinimumVisualStudioVersion = 10.0.40219.1
Project("{FAE04EC0-301F-11D3-BF4B-00C04F79EFBC}") = "Hurdle Race", "Hurdle Race\Hurdle Race.csproj", "{BFEA6166-295A-4CDF-9513-9E2280E5E022}"
EndProject
Global
	GlobalSection(SolutionConfigurationPlatforms) = preSolution
		Debug|Any CPU = Debug|Any CPU
		Release|Any CPU = Release|Any CPU
	EndGlobalSection
	GlobalSection(ProjectConfigurationPlatforms) = postSolution
		{BFEA6166-295A-4CDF-9513-9E2280E5E022}.Debug|Any CPU.ActiveCfg = Debug|Any CPU
		{BFEA6166-295A-4CDF-9513-9E2280E5E022}.Debug|Any CPU.Build.0 = Debug|Any CPU
		{BFEA6166-295A-4CDF-9513-9E2280E5E022}.Release|Any CPU.ActiveCfg = Release|Any CPU
		{BFEA6166-295A-4CDF-9513-9E2280E5E022}.Release|Any CPU.Build.0 = Release|Any CPU
	EndGlobalSection
	GlobalSection(SolutionProperties) = preSolution
		HideSolutionNode = FALSE
	EndGlobalSection
EndGlobal
